PODS:
  - AparajitaCapacitorSecureStorage (7.1.6):
    - Capacitor
    - KeychainSwift (~> 21.0)
  - Capacitor (7.6.8):
    - CapacitorCordova
  - CapacitorApp (7.1.2):
    - Capacitor
  - CapacitorBrowser (7.0.5):
    - Capacitor
  - CapacitorCordova (7.6.8)
  - CapacitorFilesystem (7.1.8):
    - Capacitor
    - IONFilesystemLib (~> 1.1.1)
  - CapacitorHaptics (7.0.5):
    - Capacitor
  - IONFilesystemLib (1.1.2)
  - KeychainSwift (21.0.0)
  - RedstringAppleModel (1.0.0):
    - Capacitor

DEPENDENCIES:
  - "AparajitaCapacitorSecureStorage (from `../../node_modules/@aparajita/capacitor-secure-storage`)"
  - "Capacitor (from `../../node_modules/@capacitor/ios`)"
  - "CapacitorApp (from `../../node_modules/@capacitor/app`)"
  - "CapacitorBrowser (from `../../node_modules/@capacitor/browser`)"
  - "CapacitorCordova (from `../../node_modules/@capacitor/ios`)"
  - "CapacitorFilesystem (from `../../node_modules/@capacitor/filesystem`)"
  - "CapacitorHaptics (from `../../node_modules/@capacitor/haptics`)"
  - RedstringAppleModel (from `../../native/afm-bridge`)

SPEC REPOS:
  trunk:
    - IONFilesystemLib
    - KeychainSwift

EXTERNAL SOURCES:
  AparajitaCapacitorSecureStorage:
    :path: "../../node_modules/@aparajita/capacitor-secure-storage"
  Capacitor:
    :path: "../../node_modules/@capacitor/ios"
  CapacitorApp:
    :path: "../../node_modules/@capacitor/app"
  CapacitorBrowser:
    :path: "../../node_modules/@capacitor/browser"
  CapacitorCordova:
    :path: "../../node_modules/@capacitor/ios"
  CapacitorFilesystem:
    :path: "../../node_modules/@capacitor/filesystem"
  CapacitorHaptics:
    :path: "../../node_modules/@capacitor/haptics"
  RedstringAppleModel:
    :path: "../../native/afm-bridge"

SPEC CHECKSUMS:
  AparajitaCapacitorSecureStorage: 502bff73187cf9d0164459458ccf47ec65d5895a
  Capacitor: ff6bf01336ac353098378828aff465095a89e459
  CapacitorApp: f01a913211780e0718dae9750442c3e23f96e106
  CapacitorBrowser: 6d09f59655e89aede71654ef08b98de55cf032b6
  CapacitorCordova: e61ee8c40101b8cd011d0224261606a290c082cf
  CapacitorFilesystem: c63fc54df41e5a6761785a7f3c49dc696c22e296
  CapacitorHaptics: 1b145fa83c622e5383a3bac04ea81e2514f0b0f5
  IONFilesystemLib: 21a63377696b2d8fab5632ecfb7d2ac67bddb68a
  KeychainSwift: 4a71a45c802fd9e73906457c2dcbdbdc06c9419d
  RedstringAppleModel: dbbe392cdd33383110176940f7d567e0078b914a

PODFILE CHECKSUM: 8eda132b4b67be19793134a2a2fdeb0d09095d17

COCOAPODS: 1.17.0
